
Microsoft Visual Studio Solution File, Format Version 12.00
# Visual Studio Version 16
VisualStudioVersion = 16.0.31605.320
MinimumVisualStudioVersion = 10.0.40219.1
Project("{9A19103F-16F7-4668-BE54-9A1E7A4F7556}") = "Estodoteban.Common", "Estodoteban.Common\Estodoteban.Common.csproj", "{2CB512F2-0336-481E-AFA4-7DFFB3DA7C97}"
EndProject
Project("{9A19103F-16F7-4668-BE54-9A1E7A4F7556}") = "Estodoteban.Tests", "Estodoteban.Tests\Estodoteban.Tests.csproj", "{8B286055-D28D-4BCF-86EA-21DD7E2CF9C6}"
EndProject
Project("{9A19103F-16F7-4668-BE54-9A1E7A4F7556}") = "Estodoteban.Function", "Estodoteban\Estodoteban.Function.csproj", "{721B3816-160D-4B99-A48F-19EE4741D5D7}"
EndProject
Global
	GlobalSection(SolutionConfigurationPlatforms) = preSolution
		Debug|Any CPU = Debug|Any CPU
		Release|Any CPU = Release|Any CPU
	EndGlobalSection
	GlobalSection(ProjectConfigurationPlatforms) = postSolution
		{2CB512F2-0336-481E-AFA4-7DFFB3DA7C97}.Debug|Any CPU.ActiveCfg = Debug|Any CPU
		{2CB512F2-0336-481E-AFA4-7DFFB3DA7C97}.Debug|Any CPU.Build.0 = Debug|Any CPU
		{2CB512F2-0336-481E-AFA4-7DFFB3DA7C97}.Release|Any CPU.ActiveCfg = Release|Any CPU
		{2CB512F2-0336-481E-AFA4-7DFFB3DA7C97}.Release|Any CPU.Build.0 = Release|Any CPU
		{8B286055-D28D-4BCF-86EA-21DD7E2CF9C6}.Debug|Any CPU.ActiveCfg = Debug|Any CPU
		{8B286055-D28D-4BCF-86EA-21DD7E2CF9C6}.Debug|Any CPU.Build.0 = Debug|Any CPU
		{8B286055-D28D-4BCF-86EA-21DD7E2CF9C6}.Release|Any CPU.ActiveCfg = Release|Any CPU
		{8B286055-D28D-4BCF-86EA-21DD7E2CF9C6}.Release|Any CPU.Build.0 = Release|Any CPU
		{721B3816-160D-4B99-A48F-19EE4741D5D7}.Debug|Any CPU.ActiveCfg = Debug|Any CPU
		{721B3816-160D-4B99-A48F-19EE4741D5D7}.Debug|Any CPU.Build.0 = Debug|Any CPU
		{721B3816-160D-4B99-A48F-19EE4741D5D7}.Release|Any CPU.ActiveCfg = Release|Any CPU
		{721B3816-160D-4B99-A48F-19EE4741D5D7}.Release|Any CPU.Build.0 = Release|Any CPU
	EndGlobalSection
	GlobalSection(SolutionProperties) = preSolution
		HideSolutionNode = FALSE
	EndGlobalSection
	GlobalSection(ExtensibilityGlobals) = postSolution
		SolutionGuid = {DE064561-8B24-44C2-9EFC-FE734963D2BA}
	EndGlobalSection
EndGlobal
